version = 1
revision = 3
requires-python = ">=3.14"

[[package]]
name = "adafruit-blinka"
version = "9.2.0"
source = { registry = "https://pypi.org/simple" }
dependencies = [
    { name = "adafruit-circuitpython-typing" },
    { name = "adafruit-platformdetect" },
    { name = "adafruit-pureio" },
    { name = "binho-host-adapter" },
    { name = "pyftdi" },
    { name = "sysv-ipc", marker = "platform_machine != 'mips' and sys_platform == 'linux'" },
]
sdist = { url = "https://files.pythonhosted.org/packages/ae/ee/63370e529cb21a56406b58773ab2e97c3bffd8dec391746df1fe238e3c1e/adafruit_blinka-9.2.0.tar.gz", hash = "sha256:0358f02840f91127246d9c5fa6d49660e2ab1134cc4e56fd5d88ce4c39a50942", size = 937569, upload-time = "2026-07-30T18:02:52.711Z" }
wheels = [
    { url = "https://files.pythonhosted.org/packages/d9/e1/62809e4d3f24f433e27e66f03afab7aa653627c7fbb9ddad9088032b6366/adafruit_blinka-9.2.0-py3-none-any.whl", hash = "sha256:ba761bd1eb5fd7c6626e2505dd7e63b0df9b7859eea91d952aba4ee2bec83ee9", size = 1064581, upload-time = "2026-07-30T18:02:51.066Z" },
]

[[package]]
name = "adafruit-blinka-displayio"
version = "2.3.2"
source = { registry = "https://pypi.org/simple" }
dependencies = [
    { name = "adafruit-blinka" },
    { name = "adafruit-circuitpython-bitmap-font" },
    { name = "adafruit-circuitpython-typing" },
]
sdist = { url = "https://files.pythonhosted.org/packages/14/75/79e1441558a659b4b4326e64ca5bc2ad76eaf07f9f2221e55bcacfc7862b/adafruit_blinka_displayio-2.3.2.tar.gz", hash = "sha256:cf7c5c4e1724e8b82f092ca81ca51fafebe85b6e47774462f4051342bac4d754", size = 90252, upload-time = "2026-02-24T21:55:24.882Z" }
wheels = [
    { url = "https://files.pythonhosted.org/packages/fd/c3/790621925c73f8d21c00ee3d09e36e8a7d15f66dd73dcd5b56d6c14e62be/adafruit_blinka_displayio-2.3.2-py3-none-any.whl", hash = "sha256:f1d5b41eca6a1e9e43c04ee734b8f27666c2bcc8045cc1d7acf2b4631daa3558", size = 83610, upload-time = "2026-02-24T21:55:23.646Z" },
]

[[package]]
name = "adafruit-circuitpython-bitmap-font"
version = "2.4.2"
source = { registry = "https://pypi.org/simple" }
dependencies = [
    { name = "adafruit-blinka" },
    { name = "adafruit-blinka-displayio" },
]
sdist = { url = "https://files.pythonhosted.org/packages/e8/ba/e9c116a610e67f11d8855b9597cad0ff24d19c47bcd3f0d050f7bc48498a/adafruit_circuitpython_bitmap_font-2.4.2.tar.gz", hash = "sha256:f9485b7275fe63adb3243fd32ae4ab676f33c153933144451bc3abaf9ab731d4", size = 843354, upload-time = "2026-04-23T21:16:26.31Z" }
wheels = [
    { url = "https://files.pythonhosted.org/packages/03/1c/7623bf5e8ee8eff5640cab54196546d5f6ae62e9f892b0106d970d78b857/adafruit_circuitpython_bitmap_font-2.4.2-py3-none-any.whl", hash = "sha256:abb3e2cbc23293f6daf6c5a54b7c154fb22cd7e4f3d4ee296edad33a965faaa7", size = 15783, upload-time = "2026-04-23T21:16:24.984Z" },
]

[[package]]
name = "adafruit-circuitpython-busdevice"
version = "5.2.17"
source = { registry = "https://pypi.org/simple" }
dependencies = [
    { name = "adafruit-blinka" },
    { name = "adafruit-circuitpython-typing" },
]
sdist = { url = "https://files.pythonhosted.org/packages/40/c0/f789bfc16d2e7eed23171f264b961ceb25314ba92d733be5bd47a4ecb23e/adafruit_circuitpython_busdevice-5.2.17.tar.gz", hash = "sha256:01887ba0056d3635536f0bf1e580a2969c67fc2c4c7b42a4093bcf7a3308bc9b", size = 24423, upload-time = "2026-04-23T21:18:13.438Z" }
wheels = [
    { url = "https://files.pythonhosted.org/packages/42/0d/66a4e0fbd7b35107f7dee04fed890f77b83d1da9dd1f7474af2ed21700ea/adafruit_circuitpython_busdevice-5.2.17-py3-none-any.whl", hash = "sha256:5a834fbe0b88b07d20494bec566815da154aa4b1b668e2e665277b34b3578e44", size = 7494, upload-time = "2026-04-23T21:18:12.284Z" },
]

[[package]]
name = "adafruit-circuitpython-connectionmanager"
version = "3.1.8"
source = { registry = "https://pypi.org/simple" }
dependencies = [
    { name = "adafruit-blinka" },
]
sdist = { url = "https://files.pythonhosted.org/packages/a0/29/1653838bc0e5c6119fa2b03edb58b592a2475e7cf99810064a99e5eb8994/adafruit_circuitpython_connectionmanager-3.1.8.tar.gz", hash = "sha256:ce7436d62ac26312fbd2fc7d8f70ab0582a7c7807d7033ae5bd5cb53e4f66f3b", size = 33828, upload-time = "2026-04-23T21:18:42.138Z" }
wheels = [
    { url = "https://files.pythonhosted.org/packages/e4/43/929d17e5dbe0773e3a3c728b12cf1a777ada32639764b09365a1b56703c0/adafruit_circuitpython_connectionmanager-3.1.8-py3-none-any.whl", hash = "sha256:f93e27874a840f728b5cdbb1bcf0aee4e75ed1c0ba46b4562606ac3ac3ea2cca", size = 7755, upload-time = "2026-04-23T21:18:40.984Z" },
]

[[package]]
name = "adafruit-circuitpython-display-text"
version = "5.0.5"
source = { registry = "https://pypi.org/simple" }
dependencies = [
    { name = "adafruit-blinka" },
    { name = "adafruit-blinka-displayio" },
    { name = "adafruit-circuitpython-bitmap-font" },
    { name = "adafruit-circuitpython-ticks" },
]
sdist = { url = "https://files.pythonhosted.org/packages/ae/e1/2a675d3a37f8f436756e1a0ceabe0cfaf3d3b69d9cfea1ade88a009958f0/adafruit_circuitpython_display_text-5.0.5.tar.gz", hash = "sha256:a546947dbbdac7986dbd68d0cc9a6e63eaa0383ef54023805889ca8770071008", size = 103794, upload-time = "2026-07-28T13:46:41.042Z" }
wheels = [
    { url = "https://files.pythonhosted.org/packages/3f/b4/a6fd0ea47453867e0997eaba1d5a68087fbbe97a08959afe076deea25a9a/adafruit_circuitpython_display_text-5.0.5-py3-none-any.whl", hash = "sha256:854ec443c11762e581b2321fe0effb8fbe5fd4552baf93ba6b0f796c5e7ed531", size = 27185, upload-time = "2026-07-28T13:46:39.92Z" },
]

[[package]]
name = "adafruit-circuitpython-displayio-ssd1305"
version = "2.0.4"
source = { registry = "https://pypi.org/simple" }
dependencies = [
    { name = "adafruit-blinka" },
]
sdist = { url = "https://files.pythonhosted.org/packages/57/ab/1c06cef850d4e58814b5f68970a8846aa8e5d6e920547433f6d7062eae17/adafruit_circuitpython_displayio_ssd1305-2.0.4.tar.gz", hash = "sha256:b2de4c65a615bb92093c9dfaa0523b10f97165977f526e4a8a5c2187b3f9873f", size = 24286, upload-time = "2026-04-23T20:56:08.247Z" }
wheels = [
    { url = "https://files.pythonhosted.org/packages/30/88/6e18da4bc77b02aaac72fbf9e61b6ca4806196cd89536360dbff7ed55b1a/adafruit_circuitpython_displayio_ssd1305-2.0.4-py3-none-any.whl", hash = "sha256:18ddf4f2f18f6352f6e6e7208ec387150fa7cb4dc90739b5b6199acef8b996f7", size = 5899, upload-time = "2026-04-23T20:56:07.502Z" },
]

[[package]]
name = "adafruit-circuitpython-requests"
version = "4.1.17"
source = { registry = "https://pypi.org/simple" }
dependencies = [
    { name = "adafruit-blinka" },
    { name = "adafruit-circuitpython-connectionmanager" },
]
sdist = { url = "https://files.pythonhosted.org/packages/bc/5c/cb31dd0a6e56a92bd9bf672539ba6102204bc443fe9af9a5f8e893b99169/adafruit_circuitpython_requests-4.1.17.tar.gz", hash = "sha256:7259976be340324d34da1ba6f4b935430b46ceece2e5c1632387a24e6f94e9a3", size = 67777, upload-time = "2026-04-23T21:24:48.423Z" }
wheels = [
    { url = "https://files.pythonhosted.org/packages/01/8c/15a2de09cc3c30793336cf79798948768611463ddfb2b2669f51569228fb/adafruit_circuitpython_requests-4.1.17-py3-none-any.whl", hash = "sha256:4c205188a052f52b3bb8ab4af97798d7d56ae3701857d31f03b164f029fae44f", size = 10841, upload-time = "2026-04-23T21:24:47.522Z" },
]

[[package]]
name = "adafruit-circuitpython-ticks"
version = "1.1.7"
source = { registry = "https://pypi.org/simple" }
dependencies = [
    { name = "adafruit-blinka" },
]
sdist = { url = "https://files.pythonhosted.org/packages/3e/6c/29dd4dbc87991c322d3c3b4ef9a61ca83ce4187463bafa84290bb2c21660/adafruit_circuitpython_ticks-1.1.7.tar.gz", hash = "sha256:d7f2c0ddf7bcf22cc9579fe9cec8862c696030f3e9e9c68faa6afc2ec5cfd99f", size = 23264, upload-time = "2026-04-23T21:25:39.238Z" }
wheels = [
    { url = "https://files.pythonhosted.org/packages/93/65/31b38268343a4813c515352cd032293ba2782ac9d7c3c1a401a12aa009e1/adafruit_circuitpython_ticks-1.1.7-py3-none-any.whl", hash = "sha256:d6c28f766e40ff12b5791b63824244fa26a6abbd92af22c179c4dae7b54303c5", size = 5398, upload-time = "2026-04-23T21:25:38.392Z" },
]

[[package]]
name = "adafruit-circuitpython-typing"
version = "1.12.3"
source = { registry = "https://pypi.org/simple" }
dependencies = [
    { name = "adafruit-blinka" },
    { name = "adafruit-circuitpython-busdevice" },
    { name = "adafruit-circuitpython-requests" },
    { name = "typing-extensions" },
]
sdist = { url = "https://files.pythonhosted.org/packages/65/a2/40a3440aed2375371507af668570b68523ee01db9c25c47ce5a05883170e/adafruit_circuitpython_typing-1.12.3.tar.gz", hash = "sha256:63f196f834e47842bcd4cf8c37aaa0c61e1aeb5d07f056c875fc3016cda91a12", size = 25603, upload-time = "2025-10-27T18:17:38.56Z" }
wheels = [
    { url = "https://files.pythonhosted.org/packages/cc/a1/578a03ba2bce0809b4e30974b47958963c9efe67b9fe74e7dbcdbbd45318/adafruit_circuitpython_typing-1.12.3-py3-none-any.whl", hash = "sha256:f6d0a02150e1e4efb5a2c2945b88d948809fdb465875f39947108b8467c986d9", size = 11014, upload-time = "2025-10-27T18:17:37.771Z" },
]

[[package]]
name = "adafruit-platformdetect"
version = "3.89.1"
source = { registry = "https://pypi.org/simple" }
sdist = { url = "https://files.pythonhosted.org/packages/43/9b/96e46cb5eb2cf4119ff4bf0f840221704de29e2eed03976c4b291d483174/adafruit_platformdetect-3.89.1.tar.gz", hash = "sha256:74552d1afcf779a84ca63527a1eaee9995c429ff422db15492bad0c3599cab4b", size = 49753, upload-time = "2026-06-24T18:28:39.069Z" }
wheels = [
    { url = "https://files.pythonhosted.org/packages/ff/0b/193ac7ed72f1ecdf6d4817aab86157f9198ed22e5725f03b9945baad5389/adafruit_platformdetect-3.89.1-py3-none-any.whl", hash = "sha256:d13c206dc37e399cccda953be9b1d3709c549d05be484b1c2da8077043c0beab", size = 27108, upload-time = "2026-06-24T18:28:37.959Z" },
]

[[package]]
name = "adafruit-pureio"
version = "1.1.11"
source = { registry = "https://pypi.org/simple" }
sdist = { url = "https://files.pythonhosted.org/packages/e5/b7/f1672435116822079bbdab42163f9e6424769b7db778873d95d18c085230/Adafruit_PureIO-1.1.11.tar.gz", hash = "sha256:c4cfbb365731942d1f1092a116f47dfdae0aef18c5b27f1072b5824ad5ea8c7c", size = 35511, upload-time = "2023-05-25T19:01:34.654Z" }
wheels = [
    { url = "https://files.pythonhosted.org/packages/19/9d/28e9d12f36e13c5f2acba3098187b0e931290ecd1d8df924391b5ad2db19/Adafruit_PureIO-1.1.11-py3-none-any.whl", hash = "sha256:281ab2099372cc0decc26326918996cbf21b8eed694ec4764d51eefa029d324e", size = 10678, upload-time = "2023-05-25T19:01:32.397Z" },
]

[[package]]
name = "binho-host-adapter"
version = "0.1.6"
source = { registry = "https://pypi.org/simple" }
dependencies = [
    { name = "pyserial" },
]
sdist = { url = "https://files.pythonhosted.org/packages/68/36/29b7b896e83e195fac6d64ccff95c0f24a18ee86e7437a22e60e0331d90a/binho-host-adapter-0.1.6.tar.gz", hash = "sha256:1e6da7a84e208c13b5f489066f05774bff1d593d0f5bf1ca149c2b8e83eae856", size = 10068, upload-time = "2020-06-04T19:38:11.789Z" }
wheels = [
    { url = "https://files.pythonhosted.org/packages/7b/6b/0f13486003aea3eb349c2946b7ec9753e7558b78e35d22c938062a96959c/binho_host_adapter-0.1.6-py3-none-any.whl", hash = "sha256:f71ca176c1e2fc1a5dce128beb286da217555c6c7c805f2ed282a6f3507ec277", size = 10540, upload-time = "2020-06-04T19:38:10.612Z" },
]

[[package]]
name = "circuitpython-stubs"
version = "10.2.1"
source = { registry = "https://pypi.org/simple" }
sdist = { url = "https://files.pythonhosted.org/packages/49/52/86c580dd46861e6bade8200227f8ada8fec07a94988a62685b668b5dc7bc/circuitpython_stubs-10.2.1.tar.gz", hash = "sha256:5de36fb7b5aab7e0c0cf3e8b7d83a2a13cc179966467983a6c0551b13ffb17f9", size = 376974, upload-time = "2026-05-12T22:04:36.355Z" }
wheels = [
    { url = "https://files.pythonhosted.org/packages/75/3e/45e8ee6d755c69d8a5243810fb62f56f6ec57de2fe0f2ba9a35139fbe2c5/circuitpython_stubs-10.2.1-py3-none-any.whl", hash = "sha256:c7647fabc43b05e5cd30f21fb55fca67f2967902195ae7fb518a2a1564c0e8fc", size = 1091622, upload-time = "2026-05-12T22:04:34.159Z" },
]

[[package]]
name = "picostatus"
version = "0.1.0"
source = { virtual = "." }
dependencies = [
    { name = "adafruit-blinka" },
    { name = "adafruit-circuitpython-display-text" },
    { name = "adafruit-circuitpython-displayio-ssd1305" },
    { name = "circuitpython-stubs" },
    { name = "pyserial" },
    { name = "python-mpd2" },
]

[package.metadata]
requires-dist = [
    { name = "adafruit-blinka" },
    { name = "adafruit-circuitpython-display-text" },
    { name = "adafruit-circuitpython-displayio-ssd1305" },
    { name = "circuitpython-stubs" },
    { name = "pyserial" },
    { name = "python-mpd2" },
]

[[package]]
name = "pyftdi"
version = "0.57.2"
source = { registry = "https://pypi.org/simple" }
dependencies = [
    { name = "pyserial" },
    { name = "pyusb" },
]
wheels = [
    { url = "https://files.pythonhosted.org/packages/7b/de/260694fa63dab6629c6ba7c2315de64dbd766eb761198b61fba96cbe7ea4/pyftdi-0.57.2-py3-none-any.whl", hash = "sha256:dec3acdc262594d8b1850a6aee608b861c2973f90011faf5cccae3107d3c67a4", size = 146319, upload-time = "2026-06-02T16:14:37.818Z" },
]

[[package]]
name = "pyserial"
version = "3.5"
source = { registry = "https://pypi.org/simple" }
sdist = { url = "https://files.pythonhosted.org/packages/1e/7d/ae3f0a63f41e4d2f6cb66a5b57197850f919f59e558159a4dd3a818f5082/pyserial-3.5.tar.gz", hash = "sha256:3c77e014170dfffbd816e6ffc205e9842efb10be9f58ec16d3e8675b4925cddb", size = 159125, upload-time = "2020-11-23T03:59:15.045Z" }
wheels = [
    { url = "https://files.pythonhosted.org/packages/07/bc/587a445451b253b285629263eb51c2d8e9bcea4fc97826266d186f96f558/pyserial-3.5-py2.py3-none-any.whl", hash = "sha256:c4451db6ba391ca6ca299fb3ec7bae67a5c55dde170964c7a14ceefec02f2cf0", size = 90585, upload-time = "2020-11-23T03:59:13.41Z" },
]

[[package]]
name = "python-mpd2"
version = "3.1.1"
source = { registry = "https://pypi.org/simple" }
sdist = { url = "https://files.pythonhosted.org/packages/53/be/e77206eb35eb37ccd3506fba237e1431431d04c482707730ce2a6802e95c/python-mpd2-3.1.1.tar.gz", hash = "sha256:4baec3584cc43ed9948d5559079fafc2679b06b2ade273e909b3582654b2b3f5", size = 58713, upload-time = "2024-01-13T11:47:42.032Z" }
wheels = [
    { url = "https://files.pythonhosted.org/packages/8e/6d/1b9e1c203057c9a7fa6971db3605188a8ef1120ca305e4878c960ab6e2d3/python_mpd2-3.1.1-py2.py3-none-any.whl", hash = "sha256:86bf1100a0b135959d74a9a7a58cf0515bf30bb54eb25ae6fb8e175e50300fc3", size = 35050, upload-time = "2024-01-13T11:47:40.013Z" },
]

[[package]]
name = "pyusb"
version = "1.3.1"
source = { registry = "https://pypi.org/simple" }
sdist = { url = "https://files.pythonhosted.org/packages/00/6b/ce3727395e52b7b76dfcf0c665e37d223b680b9becc60710d4bc08b7b7cb/pyusb-1.3.1.tar.gz", hash = "sha256:3af070b607467c1c164f49d5b0caabe8ac78dbed9298d703a8dbf9df4052d17e", size = 77281, upload-time = "2025-01-08T23:45:01.866Z" }
wheels = [
    { url = "https://files.pythonhosted.org/packages/28/b8/27e6312e86408a44fe16bd28ee12dd98608b39f7e7e57884a24e8f29b573/pyusb-1.3.1-py3-none-any.whl", hash = "sha256:bf9b754557af4717fe80c2b07cc2b923a9151f5c08d17bdb5345dac09d6a0430", size = 58465, upload-time = "2025-01-08T23:45:00.029Z" },
]

[[package]]
name = "sysv-ipc"
version = "1.2.0"
source = { registry = "https://pypi.org/simple" }
sdist = { url = "https://files.pythonhosted.org/packages/f2/5e/59208c6dd05ebc6f46ce2023c4fc01ffe814a1967d21b35d312c7e6ffeae/sysv_ipc-1.2.0.tar.gz", hash = "sha256:ef96ab33bb62e4d14142f0be0524dcc0c3c70c96442df2fc773c67b7c7514199", size = 102810, upload-time = "2026-01-09T14:05:02.231Z" }
wheels = [
    { url = "https://files.pythonhosted.org/packages/e4/a5/1d0f4a95ba040987266af995eb973f2d469fa61452cc925a8ff95401927f/sysv_ipc-1.2.0-cp314-cp314-manylinux2014_aarch64.manylinux_2_17_aarch64.manylinux_2_28_aarch64.whl", hash = "sha256:7dcdda15a2ead282545d007bd4fb5bfff844d2ac2b2f4a2b52ddcb2a38953968", size = 73168, upload-time = "2026-01-09T14:04:35.49Z" },
    { url = "https://files.pythonhosted.org/packages/8e/7a/25d2a8a7bde7165a0260d06e83a57ecfe8668802f31ffea47620cfcb56eb/sysv_ipc-1.2.0-cp314-cp314-manylinux2014_x86_64.manylinux_2_17_x86_64.manylinux_2_28_x86_64.whl", hash = "sha256:9c5bf97ac00370159973c17a29224ae6f277757cee704abd61be1ce5bfaf78b0", size = 74039, upload-time = "2026-01-09T14:04:36.709Z" },
    { url = "https://files.pythonhosted.org/packages/8f/77/2be88d40d24a780f56ca74ff01802f8cb548a1def4c50da7094720fcd41c/sysv_ipc-1.2.0-cp314-cp314-musllinux_1_2_aarch64.whl", hash = "sha256:201e18f6f32bd6542e0886668699c16ddcdcc37105b2643c2c50a044f22e437f", size = 72237, upload-time = "2026-01-09T14:04:37.729Z" },
    { url = "https://files.pythonhosted.org/packages/2f/04/b7657691f0274bd22fb66fc772e567c78dffb96f6943cbb16352e20b55a1/sysv_ipc-1.2.0-cp314-cp314-musllinux_1_2_x86_64.whl", hash = "sha256:4daecc8fae2a6335ed56095d19a3bda96e551ea78781cd53abda94cfe37b6cfe", size = 72400, upload-time = "2026-01-09T14:04:38.55Z" },
    { url = "https://files.pythonhosted.org/packages/cc/61/ff85f043f507d4d9d5a84411dfd18f8f896dc3f77d29f5f4f6ee1d48ec9c/sysv_ipc-1.2.0-cp314-cp314t-manylinux2014_aarch64.manylinux_2_17_aarch64.manylinux_2_28_aarch64.whl", hash = "sha256:17f8b31c09ed94d0fa95d64720426344e2ae5a06691a8f076ef3909145877958", size = 76984, upload-time = "2026-01-09T14:04:41.32Z" },
    { url = "https://files.pythonhosted.org/packages/ff/39/02d900a035c674c6e4edb263ea0061c0fa8389ad9a2270150dc2a1fee476/sysv_ipc-1.2.0-cp314-cp314t-manylinux2014_x86_64.manylinux_2_17_x86_64.manylinux_2_28_x86_64.whl", hash = "sha256:acd083316d0c5b2e7fb5b7a5db6ad8fb2400ea4ca3d1813692acd93656a51f79", size = 77179, upload-time = "2026-01-09T14:04:42.65Z" },
    { url = "https://files.pythonhosted.org/packages/46/5a/d269d9aca6f2eda908c58a244488bcca751004c8f954742fd8aadf2e0a6d/sysv_ipc-1.2.0-cp314-cp314t-musllinux_1_2_aarch64.whl", hash = "sha256:3eb7b8f8b577ec0fbde890f86c6f9dc365f3012b02e4e275a350427621df80ad", size = 75959, upload-time = "2026-01-09T14:04:43.569Z" },
    { url = "https://files.pythonhosted.org/packages/8d/13/a49595e0056dc607e7530b946c7b62f11ec514822c40d54d94287e534e9d/sysv_ipc-1.2.0-cp314-cp314t-musllinux_1_2_x86_64.whl", hash = "sha256:a65e64577082b109d49bd68db8facb6f3a08ddbbde4b76c87b1246490922ef2a", size = 75679, upload-time = "2026-01-09T14:04:44.4Z" },
]

[[package]]
name = "typing-extensions"
version = "4.16.0"
source = { registry = "https://pypi.org/simple" }
sdist = { url = "https://files.pythonhosted.org/packages/f6/cc/6253133b5bb138fc3306cebfbda2c520f545d36b5be2c7255cc528bb45d6/typing_extensions-4.16.0.tar.gz", hash = "sha256:dc983d19a509c94dba722ee6abd33940f7c05a89e243c47e907eb4db6f1a43e5", size = 113555, upload-time = "2026-07-02T08:40:05.92Z" }
wheels = [
    { url = "https://files.pythonhosted.org/packages/49/d3/b8441a820a491ddfc024b0b0cf0393375b75ea13866d9c66727e54c2fc80/typing_extensions-4.16.0-py3-none-any.whl", hash = "sha256:481caa481374e813c1b176ada14e97f1f67a4539ce9cfeb3f350d78d6370c2e8", size = 45571, upload-time = "2026-07-02T08:40:04.659Z" },
]
